{
  "name": "sample-app-v2",
  "version": "1.0.0",
  "lockfileVersion": 2,
  "requires": true,
  "packages": {
    "": {
      "name": "sample-app-v2",
      "version": "1.0.0",
      "dependencies": {
        "requests-like": "2.0.0"
      }
    },
    "node_modules/requests-like": {
      "version": "2.0.0",
      "resolved": "https://registry.npmjs.org/requests-like/-/requests-like-2.0.0.tgz"
    },
    "node_modules/requests-like/node_modules/deep-dep": {
      "version": "0.9.9",
      "resolved": "https://registry.npmjs.org/deep-dep/-/deep-dep-0.9.9.tgz"
    }
  },
  "dependencies": {
    "requests-like": {
      "version": "2.0.0",
      "requires": {
        "deep-dep": "0.9.9"
      },
      "dependencies": {
        "deep-dep": {
          "version": "0.9.9"
        }
      }
    }
  }
}
