{
  "name": "sample-app-v1",
  "version": "1.0.0",
  "lockfileVersion": 1,
  "requires": true,
  "dependencies": {
    "legacy-pkg": {
      "version": "3.3.3",
      "requires": {
        "legacy-transitive": "1.0.0"
      },
      "dependencies": {
        "legacy-transitive": {
          "version": "1.0.0"
        }
      }
    },
    "top-level-only": {
      "version": "5.0.0"
    }
  }
}
